
Microsoft Visual Studio Solution File, Format Version 12.00
# Visual Studio Version 16
VisualStudioVersion = 16.0.29324.140
MinimumVisualStudioVersion = 10.0.40219.1
Project("{9A19103F-16F7-4668-BE54-9A1E7A4F7556}") = "Proftaakrepos", "Proftaakrepos\Proftaakrepos.csproj", "{86A93668-C4A1-4688-AF7C-1D331386D2F8}"
EndProject
Project("{2150E333-8FDC-42A3-9474-1A3956D46DE8}") = "Solution Items", "Solution Items", "{055D8B1C-907B-4F15-8C0E-7C6ECE511DAB}"
	ProjectSection(SolutionItems) = preProject
		sw.js = sw.js
	EndProjectSection
EndProject
Project("{9A19103F-16F7-4668-BE54-9A1E7A4F7556}") = "ClassLibrary", "ClassLibrary\ClassLibrary.csproj", "{BABDA31A-A917-4E66-B233-5C98DB51F347}"
EndProject
Project("{FAE04EC0-301F-11D3-BF4B-00C04F79EFBC}") = "Models", "Models\Models.csproj", "{C604D2D8-9650-41CF-8C1A-BE4D7043FA46}"
EndProject
Global
	GlobalSection(SolutionConfigurationPlatforms) = preSolution
		Debug|Any CPU = Debug|Any CPU
		Release|Any CPU = Release|Any CPU
	EndGlobalSection
	GlobalSection(ProjectConfigurationPlatforms) = postSolution
		{86A93668-C4A1-4688-AF7C-1D331386D2F8}.Debug|Any CPU.ActiveCfg = Debug|Any CPU
		{86A93668-C4A1-4688-AF7C-1D331386D2F8}.Debug|Any CPU.Build.0 = Debug|Any CPU
		{86A93668-C4A1-4688-AF7C-1D331386D2F8}.Release|Any CPU.ActiveCfg = Release|Any CPU
		{86A93668-C4A1-4688-AF7C-1D331386D2F8}.Release|Any CPU.Build.0 = Release|Any CPU
		{BABDA31A-A917-4E66-B233-5C98DB51F347}.Debug|Any CPU.ActiveCfg = Debug|Any CPU
		{BABDA31A-A917-4E66-B233-5C98DB51F347}.Debug|Any CPU.Build.0 = Debug|Any CPU
		{BABDA31A-A917-4E66-B233-5C98DB51F347}.Release|Any CPU.ActiveCfg = Release|Any CPU
		{BABDA31A-A917-4E66-B233-5C98DB51F347}.Release|Any CPU.Build.0 = Release|Any CPU
		{C604D2D8-9650-41CF-8C1A-BE4D7043FA46}.Debug|Any CPU.ActiveCfg = Debug|Any CPU
		{C604D2D8-9650-41CF-8C1A-BE4D7043FA46}.Debug|Any CPU.Build.0 = Debug|Any CPU
		{C604D2D8-9650-41CF-8C1A-BE4D7043FA46}.Release|Any CPU.ActiveCfg = Release|Any CPU
		{C604D2D8-9650-41CF-8C1A-BE4D7043FA46}.Release|Any CPU.Build.0 = Release|Any CPU
	EndGlobalSection
	GlobalSection(SolutionProperties) = preSolution
		HideSolutionNode = FALSE
	EndGlobalSection
	GlobalSection(ExtensibilityGlobals) = postSolution
		SolutionGuid = {E33EA37E-EFF5-470C-98F5-A3610221E089}
	EndGlobalSection
EndGlobal
